{
  "projects": [
    {
      "projectId": "58GpZjZCWTaJ8AUhpCwt2K",
      "version": "3.34.0",
      "dependencies": {},
      "lang": "ts",
      "fileLocks": [
        {
          "assetId": "58GpZjZCWTaJ8AUhpCwt2K",
          "type": "projectCss",
          "checksum": "10b608311824a80e7c6511951671d9ed"
        },
        {
          "assetId": "58GpZjZCWTaJ8AUhpCwt2K",
          "checksum": "dd1bd3cd83a88e2a0cc47887c2f90093",
          "type": "projectModule"
        },
        {
          "assetId": "58GpZjZCWTaJ8AUhpCwt2K",
          "checksum": "f3e149b979cba0655755409bcb3982a8",
          "type": "styleTokensProvider"
        }
      ],
      "codegenVersion": "0.0.2"
    },
    {
      "projectId": "7nJ7UcFmq9UzB6eXfC5z4a",
      "version": "0.37.0",
      "dependencies": {},
      "lang": "ts",
      "fileLocks": [
        {
          "assetId": "7nJ7UcFmq9UzB6eXfC5z4a",
          "type": "projectCss",
          "checksum": "f19f5b1ff8205c02fd704231628b3a5c"
        },
        {
          "assetId": "7nJ7UcFmq9UzB6eXfC5z4a",
          "checksum": "bd882956589ba7fcd035211989e13120",
          "type": "projectModule"
        },
        {
          "assetId": "7nJ7UcFmq9UzB6eXfC5z4a",
          "checksum": "4611cf0afb68758e6b3b841a2d445b1d",
          "type": "styleTokensProvider"
        }
      ],
      "codegenVersion": "0.0.2"
    },
    {
      "projectId": "cWtKnSrZ4qsbr8L4UPdwwh",
      "version": "latest",
      "dependencies": {
        "7nJ7UcFmq9UzB6eXfC5z4a": "0.37.0",
        "58GpZjZCWTaJ8AUhpCwt2K": "3.34.0"
      },
      "lang": "ts",
      "fileLocks": [
        {
          "type": "globalVariant",
          "assetId": "Unb08U024e5N",
          "checksum": "4f374f6be223cc0c5f025362a7ff8476"
        },
        {
          "assetId": "cWtKnSrZ4qsbr8L4UPdwwh",
          "type": "projectCss",
          "checksum": "7924f0da3c8c8c79d038959716e9e53f"
        },
        {
          "assetId": "cWtKnSrZ4qsbr8L4UPdwwh",
          "checksum": "eb56724a00bd92a33f3c8e202fe159af",
          "type": "projectModule"
        },
        {
          "assetId": "cWtKnSrZ4qsbr8L4UPdwwh",
          "checksum": "5002b584725de485889d6b9e0f85442e",
          "type": "styleTokensProvider"
        },
        {
          "type": "renderModule",
          "assetId": "g51VnmjjHffy",
          "checksum": "9b8cccc445bad6267499312503779610"
        },
        {
          "type": "cssRules",
          "assetId": "g51VnmjjHffy",
          "checksum": "9b8cccc445bad6267499312503779610"
        },
        {
          "type": "renderModule",
          "assetId": "qOyQchatelkt",
          "checksum": "5cf974f1167eb9e09487880390a9667f"
        },
        {
          "type": "cssRules",
          "assetId": "qOyQchatelkt",
          "checksum": "5cf974f1167eb9e09487880390a9667f"
        },
        {
          "type": "renderModule",
          "assetId": "wrJGno8me-Rw",
          "checksum": "d26cdc8665dc93679a3d4fe445507def"
        },
        {
          "type": "cssRules",
          "assetId": "wrJGno8me-Rw",
          "checksum": "d26cdc8665dc93679a3d4fe445507def"
        },
        {
          "type": "renderModule",
          "assetId": "na-pEHwy0SwL",
          "checksum": "4e3c0a0ce1ebe24f0d68c6ce31c72c38"
        },
        {
          "type": "cssRules",
          "assetId": "na-pEHwy0SwL",
          "checksum": "4e3c0a0ce1ebe24f0d68c6ce31c72c38"
        },
        {
          "type": "renderModule",
          "assetId": "IG52cv6CjtMu",
          "checksum": "9f47c9fb1d0f5b487f542cf05e35709c"
        },
        {
          "type": "cssRules",
          "assetId": "IG52cv6CjtMu",
          "checksum": "9f47c9fb1d0f5b487f542cf05e35709c"
        },
        {
          "type": "renderModule",
          "assetId": "kWaqUakzHOr1",
          "checksum": "73cfb51c1f94c8d64fde5ba977af2a8e"
        },
        {
          "type": "cssRules",
          "assetId": "kWaqUakzHOr1",
          "checksum": "73cfb51c1f94c8d64fde5ba977af2a8e"
        },
        {
          "type": "renderModule",
          "assetId": "1Q9SFfaBwMQ5",
          "checksum": "d308fe2216f74a128a4b11db0eb59192"
        },
        {
          "type": "cssRules",
          "assetId": "1Q9SFfaBwMQ5",
          "checksum": "d308fe2216f74a128a4b11db0eb59192"
        },
        {
          "type": "renderModule",
          "assetId": "h6ptF3z9zL5s",
          "checksum": "699d41f6066f53628587c5ddfa87874e"
        },
        {
          "type": "cssRules",
          "assetId": "h6ptF3z9zL5s",
          "checksum": "699d41f6066f53628587c5ddfa87874e"
        },
        {
          "type": "renderModule",
          "assetId": "cAr2G-1VB_jI",
          "checksum": "d2e49aa064044b724da5d79f9612eb0d"
        },
        {
          "type": "cssRules",
          "assetId": "cAr2G-1VB_jI",
          "checksum": "d2e49aa064044b724da5d79f9612eb0d"
        },
        {
          "type": "renderModule",
          "assetId": "EBDfArbk3j1j",
          "checksum": "48f4a8aeb256de578fac170194504606"
        },
        {
          "type": "cssRules",
          "assetId": "EBDfArbk3j1j",
          "checksum": "48f4a8aeb256de578fac170194504606"
        },
        {
          "type": "icon",
          "assetId": "dHoApGdW1P5I",
          "checksum": "b1271df3dd10b4177fccc55f7b854d15"
        },
        {
          "type": "icon",
          "assetId": "YLi28wZ6OImT",
          "checksum": "08f1251d0bb76dddf4cc420ec5251a32"
        },
        {
          "type": "icon",
          "assetId": "uN-aIuaa8bJi",
          "checksum": "8290ff0a0864f5df73a5a038311554df"
        },
        {
          "type": "icon",
          "assetId": "07IcjknYcTzd",
          "checksum": "8b3457be55eb8f4552d951f816fe6a9f"
        },
        {
          "type": "icon",
          "assetId": "jTHXpk3UTA2U",
          "checksum": "91b9635a3e6c7f0b98f39797f6a2f77e"
        },
        {
          "type": "icon",
          "assetId": "3PUKjPLk5Xa4",
          "checksum": "315466204a99ff164e8c923a6332559c"
        },
        {
          "type": "icon",
          "assetId": "6vgkozeZnsKg",
          "checksum": "be756949c2ca01fb803a10134d6fc803"
        },
        {
          "type": "icon",
          "assetId": "n37A9p2g4hgT",
          "checksum": "4d461aa8bce555c2cf7f120ec693b094"
        },
        {
          "type": "icon",
          "assetId": "vx1LMchXBhPC",
          "checksum": "2f0ebe2cc827e81892be677cc518f7bd"
        },
        {
          "type": "icon",
          "assetId": "6JK7butRFn39",
          "checksum": "6225d015830e48fc84959e40360430f8"
        },
        {
          "type": "image",
          "assetId": "4USAfIb3HwRs",
          "checksum": "9fa4de0caa07e8e1e0e67b646095c98c"
        },
        {
          "type": "image",
          "assetId": "m35f5YcGkWcW",
          "checksum": "f6d9fcd920ff0b0083bf297811102dc7"
        },
        {
          "type": "image",
          "assetId": "eeboxZ-IwUXL",
          "checksum": "e65c79cf7700f1e2e7104e8037ce1973"
        },
        {
          "type": "image",
          "assetId": "liIIoLIkmxYG",
          "checksum": "45b352c0f3d4d545dca81e6c4a78b9a1"
        },
        {
          "type": "image",
          "assetId": "CJDHV6I46FJV",
          "checksum": "5ef3effff0dacd2cd8f6ffb50781cd41"
        },
        {
          "type": "image",
          "assetId": "UvFo_Qu-l7xs",
          "checksum": "0d269ccef59d005321318913ddd73f4e"
        },
        {
          "type": "image",
          "assetId": "hUgIs62WIMeX",
          "checksum": "996bcfa2e4f5d847c7d0029097e3603d"
        },
        {
          "type": "image",
          "assetId": "KIcaj-e3nk6S",
          "checksum": "f2522c0e7519ce55be9a6642e9686be2"
        },
        {
          "type": "image",
          "assetId": "d_Vldi2ypQQZ",
          "checksum": "9329878de7f31ce70c5835860061ac2f"
        },
        {
          "type": "image",
          "assetId": "qct09gbV4ZOX",
          "checksum": "4a3d4ff1f958ad3c3b7b82fca1e5055b"
        },
        {
          "type": "image",
          "assetId": "ziw4iyzvLvvM",
          "checksum": "a87effb91b3cb663f68d5cc4f22f1b71"
        },
        {
          "type": "image",
          "assetId": "IBl-HURNl0Gl",
          "checksum": "f3ae4978dc326956170f4c2fcc40dd6a"
        },
        {
          "type": "image",
          "assetId": "pfj1OWOJdppb",
          "checksum": "46ff116f61da35f0820be86d9f7dfaba"
        },
        {
          "type": "image",
          "assetId": "dV4_jXrIHLiQ",
          "checksum": "0e8ee39977b4f7d59e822f25789f40a7"
        },
        {
          "type": "image",
          "assetId": "SCRU9CnMoPlo",
          "checksum": "2936eae0150512dc6c7d8f37b4daa0f9"
        },
        {
          "type": "image",
          "assetId": "BQeM_zpH5o_U",
          "checksum": "58b5e9ddeda2bd1e3ccabb9ec9648762"
        },
        {
          "type": "image",
          "assetId": "5jIfNAV_-Sml",
          "checksum": "7a6276351dd557c8d92c70fe4a6ba99e"
        },
        {
          "type": "image",
          "assetId": "BytMk02YTz3P",
          "checksum": "db568b89677b9d9854c6677d718be3ea"
        },
        {
          "type": "image",
          "assetId": "r--ltZ6S3Hjl",
          "checksum": "6ae8d202897e75383ec92fc49845e1a9"
        },
        {
          "type": "image",
          "assetId": "E9FQyMYXGk16",
          "checksum": "f9f493648face8637be9133c84ea8c66"
        },
        {
          "type": "image",
          "assetId": "I4GBIlTbQsU8",
          "checksum": "ad560012043317969a2de79c2dc2f6ec"
        },
        {
          "type": "image",
          "assetId": "5eW3w0AndDmw",
          "checksum": "87ec50f994aa392ef888c5a31d2f5e72"
        },
        {
          "type": "image",
          "assetId": "tY3FrpL5TKHJ",
          "checksum": "ea10d5514dfec08ffbd60e980669761b"
        },
        {
          "type": "image",
          "assetId": "Tb7Ze54-p41M",
          "checksum": "0e2236502c86989ff00024071d471162"
        },
        {
          "type": "image",
          "assetId": "QwQPIALh-Es7",
          "checksum": "54a6f0c7f4bb004993e7aae10c81e53b"
        },
        {
          "type": "image",
          "assetId": "-qih3ilMF07b",
          "checksum": "25d3c7d798e43e126f591f1a37e66155"
        },
        {
          "type": "image",
          "assetId": "hKnOVMe1bQ7t",
          "checksum": "a5ae5adb3dbc7dbf5d6a6c7cb0a0bb58"
        },
        {
          "type": "image",
          "assetId": "-fB3R8P85BNt",
          "checksum": "45aa1b8cd05515283a5547fb59061e3f"
        },
        {
          "type": "image",
          "assetId": "TGVzuWmqMYfz",
          "checksum": "39902b4a702507d762fcb1f4a6cb9ad3"
        },
        {
          "type": "image",
          "assetId": "lkdbICfgDxFH",
          "checksum": "ee292e8327a942f436c067cf7623f0cb"
        },
        {
          "type": "image",
          "assetId": "uaDF393Qoqcw",
          "checksum": "25fd7b097409460879ea70d59489d637"
        },
        {
          "type": "image",
          "assetId": "593Ih5hv4LbW",
          "checksum": "1c6867f43e639c8f68f43c5ed08c48c4"
        },
        {
          "type": "image",
          "assetId": "mgoG4NIalwO6",
          "checksum": "f3f52764f8ed47bceee1362bd5905687"
        },
        {
          "type": "image",
          "assetId": "6eHImpwOpRos",
          "checksum": "9fbb47d6fe5f3dc2f8da086a665e653d"
        },
        {
          "type": "image",
          "assetId": "QmhVNclIIt3B",
          "checksum": "8099b4a9289aa772584ba6fd6ea2be59"
        },
        {
          "type": "image",
          "assetId": "9q7bNUYbJhs1",
          "checksum": "4751216def1d3530306add7ad6d7fb25"
        },
        {
          "type": "image",
          "assetId": "4HIKpP88d_pH",
          "checksum": "9c15c6e6586a46d263e7063a1544ac9e"
        },
        {
          "type": "image",
          "assetId": "nNffBVSM4JkZ",
          "checksum": "c6785b7ac2fca542b443a1f5f41c9192"
        },
        {
          "type": "image",
          "assetId": "1qyWpch2sW2j",
          "checksum": "ff9d916e58e9b3e9b27e61454c65c2ff"
        },
        {
          "type": "image",
          "assetId": "mH_GcClO57Hd",
          "checksum": "677e903741d780c1ea7519cb1060c9e1"
        },
        {
          "type": "image",
          "assetId": "Xr54AsO1PrwV",
          "checksum": "6e91c2a673c0dd9ad232e66ab82ac079"
        },
        {
          "type": "image",
          "assetId": "oK2_lOEaSNBi",
          "checksum": "c9bd491e2c8f71f629ee52358871d1c3"
        },
        {
          "type": "image",
          "assetId": "M-p9DurqpYCy",
          "checksum": "75d2e5d558577e70cbacf9095dd940d4"
        },
        {
          "type": "image",
          "assetId": "98JdYruXo8IG",
          "checksum": "9c2eddcb23b8577ade9437e5656f9ea9"
        }
      ],
      "codegenVersion": "0.0.2"
    }
  ],
  "cliVersion": "0.1.358"
}
